// !$*UTF8*$!
{
	archiveVersion = 1;
	classes = {
	};
	objectVersion = 46;
	objects = {

/* Begin PBXBuildFile section */
		BB8DDACBD4794140EF8A7C06 /* libPods.a in Frameworks */ = {isa = PBXBuildFile; fileRef = F889D4A214D2B9FE70FF390A /* libPods.a */; };
		DD27705A1C36FDFA0043437B /* main.m in Sources */ = {isa = PBXBuildFile; fileRef = DD2770591C36FDFA0043437B /* main.m */; };
		DD27705D1C36FDFA0043437B /* AppDelegate.m in Sources */ = {isa = PBXBuildFile; fileRef = DD27705C1C36FDFA0043437B /* AppDelegate.m */; };
		DD2770601C36FDFA0043437B /* MainViewController.m in Sources */ = {isa = PBXBuildFile; fileRef = DD27705F1C36FDFA0043437B /* MainViewController.m */; };
		DD2770631C36FDFA0043437B /* Main.storyboard in Resources */ = {isa = PBXBuildFile; fileRef = DD2770611C36FDFA0043437B /* Main.storyboard */; };
		DD2770651C36FDFA0043437B /* Assets.xcassets in Resources */ = {isa = PBXBuildFile; fileRef = DD2770641C36FDFA0043437B /* Assets.xcassets */; };
		DD2770681C36FDFA0043437B /* LaunchScreen.storyboard in Resources */ = {isa = PBXBuildFile; fileRef = DD2770661C36FDFA0043437B /* LaunchScreen.storyboard */; };
		DD2770731C36FDFA0043437B /* DevidendCalculatorTests.m in Sources */ = {isa = PBXBuildFile; fileRef = DD2770721C36FDFA0043437B /* DevidendCalculatorTests.m */; };
		DD27707F1C3704230043437B /* MainViewModel.m in Sources */ = {isa = PBXBuildFile; fileRef = DD27707E1C3704230043437B /* MainViewModel.m */; };
/* End PBXBuildFile section */

/* Begin PBXContainerItemProxy section */
		DD27706F1C36FDFA0043437B /* PBXContainerItemProxy */ = {
			isa = PBXContainerItemProxy;
			containerPortal = DD27704D1C36FDFA0043437B /* Project object */;
			proxyType = 1;
			remoteGlobalIDString = DD2770541C36FDFA0043437B;
			remoteInfo = DevidendCalculator;
		};
/* End PBXContainerItemProxy section */

/* Begin PBXFileReference section */
		DD2770551C36FDFA0043437B /* DevidendCalculator.app */ = {isa = PBXFileReference; explicitFileType = wrapper.application; includeInIndex = 0; path = DevidendCalculator.app; sourceTree = BUILT_PRODUCTS_DIR; };
		DD2770591C36FDFA0043437B /* main.m */ = {isa = PBXFileReference; lastKnownFileType = sourcecode.c.objc; path = main.m; sourceTree = "<group>"; };
		DD27705B1C36FDFA0043437B /* AppDelegate.h */ = {isa = PBXFileReference; lastKnownFileType = sourcecode.c.h; path = AppDelegate.h; sourceTree = "<group>"; };
		DD27705C1C36FDFA0043437B /* AppDelegate.m */ = {isa = PBXFileReference; lastKnownFileType = sourcecode.c.objc; path = AppDelegate.m; sourceTree = "<group>"; };
		DD27705E1C36FDFA0043437B /* MainViewController.h */ = {isa = PBXFileReference; lastKnownFileType = sourcecode.c.h; path = MainViewController.h; sourceTree = "<group>"; };
		DD27705F1C36FDFA0043437B /* MainViewController.m */ = {isa = PBXFileReference; lastKnownFileType = sourcecode.c.objc; path = MainViewController.m; sourceTree = "<group>"; };
		DD2770621C36FDFA0043437B /* Base */ = {isa = PBXFileReference; lastKnownFileType = file.storyboard; name = Base; path = Base.lproj/Main.storyboard; sourceTree = "<group>"; };
		DD2770641C36FDFA0043437B /* Assets.xcassets */ = {isa = PBXFileReference; lastKnownFileType = folder.assetcatalog; path = Assets.xcassets; sourceTree = "<group>"; };
		DD2770671C36FDFA0043437B /* Base */ = {isa = PBXFileReference; lastKnownFileType = file.storyboard; name = Base; path = Base.lproj/LaunchScreen.storyboard; sourceTree = "<group>"; };
		DD2770691C36FDFA0043437B /* Info.plist */ = {isa = PBXFileReference; lastKnownFileType = text.plist.xml; path = Info.plist; sourceTree = "<group>"; };
		DD27706E1C36FDFA0043437B /* DevidendCalculatorTests.xctest */ = {isa = PBXFileReference; explicitFileType = wrapper.cfbundle; includeInIndex = 0; path = DevidendCalculatorTests.xctest; sourceTree = BUILT_PRODUCTS_DIR; };
		DD2770721C36FDFA0043437B /* DevidendCalculatorTests.m */ = {isa = PBXFileReference; lastKnownFileType = sourcecode.c.objc; path = DevidendCalculatorTests.m; sourceTree = "<group>"; };
		DD2770741C36FDFA0043437B /* Info.plist */ = {isa = PBXFileReference; lastKnownFileType = text.plist.xml; path = Info.plist; sourceTree = "<group>"; };
		DD27707D1C3704230043437B /* MainViewModel.h */ = {isa = PBXFileReference; fileEncoding = 4; lastKnownFileType = sourcecode.c.h; path = MainViewModel.h; sourceTree = "<group>"; };
		DD27707E1C3704230043437B /* MainViewModel.m */ = {isa = PBXFileReference; fileEncoding = 4; lastKnownFileType = sourcecode.c.objc; path = MainViewModel.m; sourceTree = "<group>"; };
		E2BA2F38A18F3D1DE5C606C2 /* Pods.release.xcconfig */ = {isa = PBXFileReference; includeInIndex = 1; lastKnownFileType = text.xcconfig; name = Pods.release.xcconfig; path = "Pods/Target Support Files/Pods/Pods.release.xcconfig"; sourceTree = "<group>"; };
		EFA2027780D8AE192A15A55F /* Pods.debug.xcconfig */ = {isa = PBXFileReference; includeInIndex = 1; lastKnownFileType = text.xcconfig; name = Pods.debug.xcconfig; path = "Pods/Target Support Files/Pods/Pods.debug.xcconfig"; sourceTree = "<group>"; };
		F889D4A214D2B9FE70FF390A /* libPods.a */ = {isa = PBXFileReference; explicitFileType = archive.ar; includeInIndex = 0; path = libPods.a; sourceTree = BUILT_PRODUCTS_DIR; };
/* End PBXFileReference section */

/* Begin PBXFrameworksBuildPhase section */
		DD2770521C36FDFA0043437B /* Frameworks */ = {
			isa = PBXFrameworksBuildPhase;
			buildActionMask = 2147483647;
			files = (
				BB8DDACBD4794140EF8A7C06 /* libPods.a in Frameworks */,
			);
			runOnlyForDeploymentPostprocessing = 0;
		};
		DD27706B1C36FDFA0043437B /* Frameworks */ = {
			isa = PBXFrameworksBuildPhase;
			buildActionMask = 2147483647;
			files = (
			);
			runOnlyForDeploymentPostprocessing = 0;
		};
/* End PBXFrameworksBuildPhase section */

/* Begin PBXGroup section */
		4038093A6C5C5E915B395BC9 /* Pods */ = {
			isa = PBXGroup;
			children = (
				EFA2027780D8AE192A15A55F /* Pods.debug.xcconfig */,
				E2BA2F38A18F3D1DE5C606C2 /* Pods.release.xcconfig */,
			);
			name = Pods;
			sourceTree = "<group>";
		};
		446DE8489E6C1524A1C8A049 /* Frameworks */ = {
			isa = PBXGroup;
			children = (
				F889D4A214D2B9FE70FF390A /* libPods.a */,
			);
			name = Frameworks;
			sourceTree = "<group>";
		};
		DD27704C1C36FDFA0043437B = {
			isa = PBXGroup;
			children = (
				DD2770571C36FDFA0043437B /* DevidendCalculator */,
				DD2770711C36FDFA0043437B /* DevidendCalculatorTests */,
				DD2770561C36FDFA0043437B /* Products */,
				4038093A6C5C5E915B395BC9 /* Pods */,
				446DE8489E6C1524A1C8A049 /* Frameworks */,
			);
			sourceTree = "<group>";
		};
		DD2770561C36FDFA0043437B /* Products */ = {
			isa = PBXGroup;
			children = (
				DD2770551C36FDFA0043437B /* DevidendCalculator.app */,
				DD27706E1C36FDFA0043437B /* DevidendCalculatorTests.xctest */,
			);
			name = Products;
			sourceTree = "<group>";
		};
		DD2770571C36FDFA0043437B /* DevidendCalculator */ = {
			isa = PBXGroup;
			children = (
				DD27705B1C36FDFA0043437B /* AppDelegate.h */,
				DD27705C1C36FDFA0043437B /* AppDelegate.m */,
				DD27705E1C36FDFA0043437B /* MainViewController.h */,
				DD27705F1C36FDFA0043437B /* MainViewController.m */,
				DD27707D1C3704230043437B /* MainViewModel.h */,
				DD27707E1C3704230043437B /* MainViewModel.m */,
				DD2770611C36FDFA0043437B /* Main.storyboard */,
				DD2770641C36FDFA0043437B /* Assets.xcassets */,
				DD2770661C36FDFA0043437B /* LaunchScreen.storyboard */,
				DD2770691C36FDFA0043437B /* Info.plist */,
				DD2770581C36FDFA0043437B /* Supporting Files */,
			);
			path = DevidendCalculator;
			sourceTree = "<group>";
		};
		DD2770581C36FDFA0043437B /* Supporting Files */ = {
			isa = PBXGroup;
			children = (
				DD2770591C36FDFA0043437B /* main.m */,
			);
			name = "Supporting Files";
			sourceTree = "<group>";
		};
		DD2770711C36FDFA0043437B /* DevidendCalculatorTests */ = {
			isa = PBXGroup;
			children = (
				DD2770721C36FDFA0043437B /* DevidendCalculatorTests.m */,
				DD2770741C36FDFA0043437B /* Info.plist */,
			);
			path = DevidendCalculatorTests;
			sourceTree = "<group>";
		};
/* End PBXGroup section */

/* Begin PBXNativeTarget section */
		DD2770541C36FDFA0043437B /* DevidendCalculator */ = {
			isa = PBXNativeTarget;
			buildConfigurationList = DD2770771C36FDFA0043437B /* Build configuration list for PBXNativeTarget "DevidendCalculator" */;
			buildPhases = (
				A4A3771CB167D296C2AA6FAD /* Check Pods Manifest.lock */,
				DD2770511C36FDFA0043437B /* Sources */,
				DD2770521C36FDFA0043437B /* Frameworks */,
				DD2770531C36FDFA0043437B /* Resources */,
				6318D188B679D47410E8183D /* Embed Pods Frameworks */,
				D1ACA22FCEA59660EF1A390E /* Copy Pods Resources */,
			);
			buildRules = (
			);
			dependencies = (
			);
			name = DevidendCalculator;
			productName = DevidendCalculator;
			productReference = DD2770551C36FDFA0043437B /* DevidendCalculator.app */;
			productType = "com.apple.product-type.application";
		};
		DD27706D1C36FDFA0043437B /* DevidendCalculatorTests */ = {
			isa = PBXNativeTarget;
			buildConfigurationList = DD27707A1C36FDFA0043437B /* Build configuration list for PBXNativeTarget "DevidendCalculatorTests" */;
			buildPhases = (
				DD27706A1C36FDFA0043437B /* Sources */,
				DD27706B1C36FDFA0043437B /* Frameworks */,
				DD27706C1C36FDFA0043437B /* Resources */,
			);
			buildRules = (
			);
			dependencies = (
				DD2770701C36FDFA0043437B /* PBXTargetDependency */,
			);
			name = DevidendCalculatorTests;
			productName = DevidendCalculatorTests;
			productReference = DD27706E1C36FDFA0043437B /* DevidendCalculatorTests.xctest */;
			productType = "com.apple.product-type.bundle.unit-test";
		};
/* End PBXNativeTarget section */

/* Begin PBXProject section */
		DD27704D1C36FDFA0043437B /* Project object */ = {
			isa = PBXProject;
			attributes = {
				LastUpgradeCheck = 0720;
				ORGANIZATIONNAME = "Kiattisak Anoochitarom";
				TargetAttributes = {
					DD2770541C36FDFA0043437B = {
						CreatedOnToolsVersion = 7.2;
					};
					DD27706D1C36FDFA0043437B = {
						CreatedOnToolsVersion = 7.2;
						TestTargetID = DD2770541C36FDFA0043437B;
					};
				};
			};
			buildConfigurationList = DD2770501C36FDFA0043437B /* Build configuration list for PBXProject "DevidendCalculator" */;
			compatibilityVersion = "Xcode 3.2";
			developmentRegion = English;
			hasScannedForEncodings = 0;
			knownRegions = (
				en,
				Base,
			);
			mainGroup = DD27704C1C36FDFA0043437B;
			productRefGroup = DD2770561C36FDFA0043437B /* Products */;
			projectDirPath = "";
			projectRoot = "";
			targets = (
				DD2770541C36FDFA0043437B /* DevidendCalculator */,
				DD27706D1C36FDFA0043437B /* DevidendCalculatorTests */,
			);
		};
/* End PBXProject section */

/* Begin PBXResourcesBuildPhase section */
		DD2770531C36FDFA0043437B /* Resources */ = {
			isa = PBXResourcesBuildPhase;
			buildActionMask = 2147483647;
			files = (
				DD2770681C36FDFA0043437B /* LaunchScreen.storyboard in Resources */,
				DD2770651C36FDFA0043437B /* Assets.xcassets in Resources */,
				DD2770631C36FDFA0043437B /* Main.storyboard in Resources */,
			);
			runOnlyForDeploymentPostprocessing = 0;
		};
		DD27706C1C36FDFA0043437B /* Resources */ = {
			isa = PBXResourcesBuildPhase;
			buildActionMask = 2147483647;
			files = (
			);
			runOnlyForDeploymentPostprocessing = 0;
		};
/* End PBXResourcesBuildPhase section */

/* Begin PBXShellScriptBuildPhase section */
		6318D188B679D47410E8183D /* Embed Pods Frameworks */ = {
			isa = PBXShellScriptBuildPhase;
			buildActionMask = 2147483647;
			files = (
			);
			inputPaths = (
			);
			name = "Embed Pods Frameworks";
			outputPaths = (
			);
			runOnlyForDeploymentPostprocessing = 0;
			shellPath = /bin/sh;
			shellScript = "\"${SRCROOT}/Pods/Target Support Files/Pods/Pods-frameworks.sh\"\n";
			showEnvVarsInLog = 0;
		};
		A4A3771CB167D296C2AA6FAD /* Check Pods Manifest.lock */ = {
			isa = PBXShellScriptBuildPhase;
			buildActionMask = 2147483647;
			files = (
			);
			inputPaths = (
			);
			name = "Check Pods Manifest.lock";
			outputPaths = (
			);
			runOnlyForDeploymentPostprocessing = 0;
			shellPath = /bin/sh;
			shellScript = "diff \"${PODS_ROOT}/../Podfile.lock\" \"${PODS_ROOT}/Manifest.lock\" > /dev/null\nif [[ $? != 0 ]] ; then\n    cat << EOM\nerror: The sandbox is not in sync with the Podfile.lock. Run 'pod install' or update your CocoaPods installation.\nEOM\n    exit 1\nfi\n";
			showEnvVarsInLog = 0;
		};
		D1ACA22FCEA59660EF1A390E /* Copy Pods Resources */ = {
			isa = PBXShellScriptBuildPhase;
			buildActionMask = 2147483647;
			files = (
			);
			inputPaths = (
			);
			name = "Copy Pods Resources";
			outputPaths = (
			);
			runOnlyForDeploymentPostprocessing = 0;
			shellPath = /bin/sh;
			shellScript = "\"${SRCROOT}/Pods/Target Support Files/Pods/Pods-resources.sh\"\n";
			showEnvVarsInLog = 0;
		};
/* End PBXShellScriptBuildPhase section */

/* Begin PBXSourcesBuildPhase section */
		DD2770511C36FDFA0043437B /* Sources */ = {
			isa = PBXSourcesBuildPhase;
			buildActionMask = 2147483647;
			files = (
				DD2770601C36FDFA0043437B /* MainViewController.m in Sources */,
				DD27705D1C36FDFA0043437B /* AppDelegate.m in Sources */,
				DD27705A1C36FDFA0043437B /* main.m in Sources */,
				DD27707F1C3704230043437B /* MainViewModel.m in Sources */,
			);
			runOnlyForDeploymentPostprocessing = 0;
		};
		DD27706A1C36FDFA0043437B /* Sources */ = {
			isa = PBXSourcesBuildPhase;
			buildActionMask = 2147483647;
			files = (
				DD2770731C36FDFA0043437B /* DevidendCalculatorTests.m in Sources */,
			);
			runOnlyForDeploymentPostprocessing = 0;
		};
/* End PBXSourcesBuildPhase section */

/* Begin PBXTargetDependency section */
		DD2770701C36FDFA0043437B /* PBXTargetDependency */ = {
			isa = PBXTargetDependency;
			target = DD2770541C36FDFA0043437B /* DevidendCalculator */;
			targetProxy = DD27706F1C36FDFA0043437B /* PBXContainerItemProxy */;
		};
/* End PBXTargetDependency section */

/* Begin PBXVariantGroup section */
		DD2770611C36FDFA0043437B /* Main.storyboard */ = {
			isa = PBXVariantGroup;
			children = (
				DD2770621C36FDFA0043437B /* Base */,
			);
			name = Main.storyboard;
			sourceTree = "<group>";
		};
		DD2770661C36FDFA0043437B /* LaunchScreen.storyboard */ = {
			isa = PBXVariantGroup;
			children = (
				DD2770671C36FDFA0043437B /* Base */,
			);
			name = LaunchScreen.storyboard;
			sourceTree = "<group>";
		};
/* End PBXVariantGroup section */

/* Begin XCBuildConfiguration section */
		DD2770751C36FDFA0043437B /* Debug */ = {
			isa = XCBuildConfiguration;
			buildSettings = {
				ALWAYS_SEARCH_USER_PATHS = NO;
				CLANG_CXX_LANGUAGE_STANDARD = "gnu++0x";
				CLANG_CXX_LIBRARY = "libc++";
				CLANG_ENABLE_MODULES = YES;
				CLANG_ENABLE_OBJC_ARC = YES;
				CLANG_WARN_BOOL_CONVERSION = YES;
				CLANG_WARN_CONSTANT_CONVERSION = YES;
				CLANG_WARN_DIRECT_OBJC_ISA_USAGE = YES_ERROR;
				CLANG_WARN_EMPTY_BODY = YES;
				CLANG_WARN_ENUM_CONVERSION = YES;
				CLANG_WARN_INT_CONVERSION = YES;
				CLANG_WARN_OBJC_ROOT_CLASS = YES_ERROR;
				CLANG_WARN_UNREACHABLE_CODE = YES;
				CLANG_WARN__DUPLICATE_METHOD_MATCH = YES;
				"CODE_SIGN_IDENTITY[sdk=iphoneos*]" = "iPhone Developer";
				COPY_PHASE_STRIP = NO;
				DEBUG_INFORMATION_FORMAT = dwarf;
				ENABLE_STRICT_OBJC_MSGSEND = YES;
				ENABLE_TESTABILITY = YES;
				GCC_C_LANGUAGE_STANDARD = gnu99;
				GCC_DYNAMIC_NO_PIC = NO;
				GCC_NO_COMMON_BLOCKS = YES;
				GCC_OPTIMIZATION_LEVEL = 0;
				GCC_PREPROCESSOR_DEFINITIONS = (
					"DEBUG=1",
					"$(inherited)",
				);
				GCC_WARN_64_TO_32_BIT_CONVERSION = YES;
				GCC_WARN_ABOUT_RETURN_TYPE = YES_ERROR;
				GCC_WARN_UNDECLARED_SELECTOR = YES;
				GCC_WARN_UNINITIALIZED_AUTOS = YES_AGGRESSIVE;
				GCC_WARN_UNUSED_FUNCTION = YES;
				GCC_WARN_UNUSED_VARIABLE = YES;
				IPHONEOS_DEPLOYMENT_TARGET = 9.2;
				MTL_ENABLE_DEBUG_INFO = YES;
				ONLY_ACTIVE_ARCH = YES;
				SDKROOT = iphoneos;
				TARGETED_DEVICE_FAMILY = 2;
			};
			name = Debug;
		};
		DD2770761C36FDFA0043437B /* Release */ = {
			isa = XCBuildConfiguration;
			buildSettings = {
				ALWAYS_SEARCH_USER_PATHS = NO;
				CLANG_CXX_LANGUAGE_STANDARD = "gnu++0x";
				CLANG_CXX_LIBRARY = "libc++";
				CLANG_ENABLE_MODULES = YES;
				CLANG_ENABLE_OBJC_ARC = YES;
				CLANG_WARN_BOOL_CONVERSION = YES;
				CLANG_WARN_CONSTANT_CONVERSION = YES;
				CLANG_WARN_DIRECT_OBJC_ISA_USAGE = YES_ERROR;
				CLANG_WARN_EMPTY_BODY = YES;
				CLANG_WARN_ENUM_CONVERSION = YES;
				CLANG_WARN_INT_CONVERSION = YES;
				CLANG_WARN_OBJC_ROOT_CLASS = YES_ERROR;
				CLANG_WARN_UNREACHABLE_CODE = YES;
				CLANG_WARN__DUPLICATE_METHOD_MATCH = YES;
				"CODE_SIGN_IDENTITY[sdk=iphoneos*]" = "iPhone Developer";
				COPY_PHASE_STRIP = NO;
				DEBUG_INFORMATION_FORMAT = "dwarf-with-dsym";
				ENABLE_NS_ASSERTIONS = NO;
				ENABLE_STRICT_OBJC_MSGSEND = YES;
				GCC_C_LANGUAGE_STANDARD = gnu99;
				GCC_NO_COMMON_BLOCKS = YES;
				GCC_WARN_64_TO_32_BIT_CONVERSION = YES;
				GCC_WARN_ABOUT_RETURN_TYPE = YES_ERROR;
				GCC_WARN_UNDECLARED_SELECTOR = YES;
				GCC_WARN_UNINITIALIZED_AUTOS = YES_AGGRESSIVE;
				GCC_WARN_UNUSED_FUNCTION = YES;
				GCC_WARN_UNUSED_VARIABLE = YES;
				IPHONEOS_DEPLOYMENT_TARGET = 9.2;
				MTL_ENABLE_DEBUG_INFO = NO;
				SDKROOT = iphoneos;
				TARGETED_DEVICE_FAMILY = 2;
				VALIDATE_PRODUCT = YES;
			};
			name = Release;
		};
		DD2770781C36FDFA0043437B /* Debug */ = {
			isa = XCBuildConfiguration;
			baseConfigurationReference = EFA2027780D8AE192A15A55F /* Pods.debug.xcconfig */;
			buildSettings = {
				ASSETCATALOG_COMPILER_APPICON_NAME = AppIcon;
				INFOPLIST_FILE = DevidendCalculator/Info.plist;
				LD_RUNPATH_SEARCH_PATHS = "$(inherited) @executable_path/Frameworks";
				PRODUCT_BUNDLE_IDENTIFIER = com.macbaszii.DevidendCalculator;
				PRODUCT_NAME = "$(TARGET_NAME)";
			};
			name = Debug;
		};
		DD2770791C36FDFA0043437B /* Release */ = {
			isa = XCBuildConfiguration;
			baseConfigurationReference = E2BA2F38A18F3D1DE5C606C2 /* Pods.release.xcconfig */;
			buildSettings = {
				ASSETCATALOG_COMPILER_APPICON_NAME = AppIcon;
				INFOPLIST_FILE = DevidendCalculator/Info.plist;
				LD_RUNPATH_SEARCH_PATHS = "$(inherited) @executable_path/Frameworks";
				PRODUCT_BUNDLE_IDENTIFIER = com.macbaszii.DevidendCalculator;
				PRODUCT_NAME = "$(TARGET_NAME)";
			};
			name = Release;
		};
		DD27707B1C36FDFA0043437B /* Debug */ = {
			isa = XCBuildConfiguration;
			buildSettings = {
				BUNDLE_LOADER = "$(TEST_HOST)";
				INFOPLIST_FILE = DevidendCalculatorTests/Info.plist;
				LD_RUNPATH_SEARCH_PATHS = "$(inherited) @executable_path/Frameworks @loader_path/Frameworks";
				PRODUCT_BUNDLE_IDENTIFIER = com.macbaszii.DevidendCalculatorTests;
				PRODUCT_NAME = "$(TARGET_NAME)";
				TEST_HOST = "$(BUILT_PRODUCTS_DIR)/DevidendCalculator.app/DevidendCalculator";
			};
			name = Debug;
		};
		DD27707C1C36FDFA0043437B /* Release */ = {
			isa = XCBuildConfiguration;
			buildSettings = {
				BUNDLE_LOADER = "$(TEST_HOST)";
				INFOPLIST_FILE = DevidendCalculatorTests/Info.plist;
				LD_RUNPATH_SEARCH_PATHS = "$(inherited) @executable_path/Frameworks @loader_path/Frameworks";
				PRODUCT_BUNDLE_IDENTIFIER = com.macbaszii.DevidendCalculatorTests;
				PRODUCT_NAME = "$(TARGET_NAME)";
				TEST_HOST = "$(BUILT_PRODUCTS_DIR)/DevidendCalculator.app/DevidendCalculator";
			};
			name = Release;
		};
/* End XCBuildConfiguration section */

/* Begin XCConfigurationList section */
		DD2770501C36FDFA0043437B /* Build configuration list for PBXProject "DevidendCalculator" */ = {
			isa = XCConfigurationList;
			buildConfigurations = (
				DD2770751C36FDFA0043437B /* Debug */,
				DD2770761C36FDFA0043437B /* Release */,
			);
			defaultConfigurationIsVisible = 0;
			defaultConfigurationName = Release;
		};
		DD2770771C36FDFA0043437B /* Build configuration list for PBXNativeTarget "DevidendCalculator" */ = {
			isa = XCConfigurationList;
			buildConfigurations = (
				DD2770781C36FDFA0043437B /* Debug */,
				DD2770791C36FDFA0043437B /* Release */,
			);
			defaultConfigurationIsVisible = 0;
			defaultConfigurationName = Release;
		};
		DD27707A1C36FDFA0043437B /* Build configuration list for PBXNativeTarget "DevidendCalculatorTests" */ = {
			isa = XCConfigurationList;
			buildConfigurations = (
				DD27707B1C36FDFA0043437B /* Debug */,
				DD27707C1C36FDFA0043437B /* Release */,
			);
			defaultConfigurationIsVisible = 0;
			defaultConfigurationName = Release;
		};
/* End XCConfigurationList section */
	};
	rootObject = DD27704D1C36FDFA0043437B /* Project object */;
}
